lockfileVersion: '6.0'

settings:
  autoInstallPeers: true
  excludeLinksFromLockfile: false

dependencies:
  prettier:
    specifier: ^3.2.1
    version: 3.2.1

packages:

  /prettier@3.2.1:
    resolution: {integrity: sha512-qSUWshj1IobVbKc226Gw2pync27t0Kf0EdufZa9j7uBSJay1CC+B3K5lAAZoqgX3ASiKuWsk6OmzKRetXNObWg==}
    engines: {node: '>=14'}
    hasBin: true
    dev: false
